
Microsoft Visual Studio Solution File, Format Version 12.00
# Visual Studio Version 16
VisualStudioVersion = 16.0.29519.87
MinimumVisualStudioVersion = 10.0.40219.1
Project("{FAE04EC0-301F-11D3-BF4B-00C04F79EFBC}") = "Mongolab", "Mongolab\Mongolab.csproj", "{81D38E15-CB3E-4682-BD7A-4CBCBB6580B4}"
EndProject
Global
	GlobalSection(SolutionConfigurationPlatforms) = preSolution
		Debug|Any CPU = Debug|Any CPU
		Release|Any CPU = Release|Any CPU
	EndGlobalSection
	GlobalSection(ProjectConfigurationPlatforms) = postSolution
		{81D38E15-CB3E-4682-BD7A-4CBCBB6580B4}.Debug|Any CPU.ActiveCfg = Debug|Any CPU
		{81D38E15-CB3E-4682-BD7A-4CBCBB6580B4}.Debug|Any CPU.Build.0 = Debug|Any CPU
		{81D38E15-CB3E-4682-BD7A-4CBCBB6580B4}.Release|Any CPU.ActiveCfg = Release|Any CPU
		{81D38E15-CB3E-4682-BD7A-4CBCBB6580B4}.Release|Any CPU.Build.0 = Release|Any CPU
	EndGlobalSection
	GlobalSection(SolutionProperties) = preSolution
		HideSolutionNode = FALSE
	EndGlobalSection
	GlobalSection(ExtensibilityGlobals) = postSolution
		SolutionGuid = {00315D53-E24F-4B3B-B6B4-8EB28380D407}
	EndGlobalSection
EndGlobal
